<Solution>
  <Project Path="Taller 1/Taller 1.csproj" Id="4fbffefb-06bd-4c94-bbc1-29c2f37434b9" />
  <Project Path="Taller 2/Taller 2.csproj" Id="d578eab9-9741-4275-a3d1-9fb87872c886" />
  <Project Path="Taller 3/Taller 3.csproj" Id="09e3f1cd-81bf-4075-9e40-ae1a36204225" />
  <Project Path="Taller 4/Taller 4.csproj" Id="d807eb62-5036-45ba-9b7a-e5ab36a18150" />
</Solution>
